
Microsoft Visual Studio Solution File, Format Version 12.00
# Visual Studio 15
VisualStudioVersion = 15.0.28010.2016
MinimumVisualStudioVersion = 10.0.40219.1
Project("{9A19103F-16F7-4668-BE54-9A1E7A4F7556}") = "MineGenerator.Core", "MineGenerator.Core\MineGenerator.Core.csproj", "{C5404E1D-BAEF-4702-B279-9242CD03EA5A}"
EndProject
Project("{F184B08F-C81C-45F6-A57F-5ABD9991F28F}") = "MineGenerator", "MineGenerator\MineGenerator.vbproj", "{10CD85CA-A5CD-4126-B00A-79ACFC42343B}"
EndProject
Project("{2150E333-8FDC-42A3-9474-1A3956D46DE8}") = "Loader", "Loader", "{C2EBFBC7-7206-443B-8242-69A6016E1081}"
EndProject
Project("{2150E333-8FDC-42A3-9474-1A3956D46DE8}") = "Builder", "Builder", "{85820DC0-DCCE-4B5C-94A7-CC1DCF8707B6}"
EndProject
Project("{2150E333-8FDC-42A3-9474-1A3956D46DE8}") = "Storage", "Storage", "{78990E05-A234-4A14-B6B2-1D5E04750875}"
EndProject
Project("{9A19103F-16F7-4668-BE54-9A1E7A4F7556}") = "MineGenerator.Storage", "MineGenerator.Storage\MineGenerator.Storage.csproj", "{48FA22D1-F200-49CD-A93C-4029D7B30921}"
EndProject
Project("{9A19103F-16F7-4668-BE54-9A1E7A4F7556}") = "MineGenerator.Storage.Json", "MineGenerator.Storage.Json\MineGenerator.Storage.Json.csproj", "{FD211389-ADE7-4334-9BDB-E7E8B4500CD3}"
EndProject
Project("{2150E333-8FDC-42A3-9474-1A3956D46DE8}") = "UnitTest", "UnitTest", "{9EA25AC4-5B99-408D-9E20-53392D451DC0}"
EndProject
Project("{2150E333-8FDC-42A3-9474-1A3956D46DE8}") = "Liabraries", "Liabraries", "{2F197562-B889-4A79-A242-2EC7926BA506}"
EndProject
Project("{2150E333-8FDC-42A3-9474-1A3956D46DE8}") = "Core", "Core", "{EAD419E1-AA4B-4C7E-997C-2676BC4B3A25}"
EndProject
Project("{FAE04EC0-301F-11D3-BF4B-00C04F79EFBC}") = "MineGenerator.UnitTest", "MineGenerator.UnitTest\MineGenerator.UnitTest.csproj", "{9E0FF34E-D229-48FF-AAE4-9F3083BACCEE}"
EndProject
Project("{FAE04EC0-301F-11D3-BF4B-00C04F79EFBC}") = "MineGenerator.Loader.BitmapLoader", "MineGenerator.Loader.BitmapLoader\MineGenerator.Loader.BitmapLoader.csproj", "{D42997AC-26EF-455E-8A9A-6C8DC8034DEC}"
EndProject
Global
	GlobalSection(SolutionConfigurationPlatforms) = preSolution
		Debug|Any CPU = Debug|Any CPU
		Release|Any CPU = Release|Any CPU
	EndGlobalSection
	GlobalSection(ProjectConfigurationPlatforms) = postSolution
		{C5404E1D-BAEF-4702-B279-9242CD03EA5A}.Debug|Any CPU.ActiveCfg = Debug|Any CPU
		{C5404E1D-BAEF-4702-B279-9242CD03EA5A}.Debug|Any CPU.Build.0 = Debug|Any CPU
		{C5404E1D-BAEF-4702-B279-9242CD03EA5A}.Release|Any CPU.ActiveCfg = Release|Any CPU
		{C5404E1D-BAEF-4702-B279-9242CD03EA5A}.Release|Any CPU.Build.0 = Release|Any CPU
		{10CD85CA-A5CD-4126-B00A-79ACFC42343B}.Debug|Any CPU.ActiveCfg = Debug|Any CPU
		{10CD85CA-A5CD-4126-B00A-79ACFC42343B}.Debug|Any CPU.Build.0 = Debug|Any CPU
		{10CD85CA-A5CD-4126-B00A-79ACFC42343B}.Release|Any CPU.ActiveCfg = Release|Any CPU
		{10CD85CA-A5CD-4126-B00A-79ACFC42343B}.Release|Any CPU.Build.0 = Release|Any CPU
		{48FA22D1-F200-49CD-A93C-4029D7B30921}.Debug|Any CPU.ActiveCfg = Debug|Any CPU
		{48FA22D1-F200-49CD-A93C-4029D7B30921}.Debug|Any CPU.Build.0 = Debug|Any CPU
		{48FA22D1-F200-49CD-A93C-4029D7B30921}.Release|Any CPU.ActiveCfg = Release|Any CPU
		{48FA22D1-F200-49CD-A93C-4029D7B30921}.Release|Any CPU.Build.0 = Release|Any CPU
		{FD211389-ADE7-4334-9BDB-E7E8B4500CD3}.Debug|Any CPU.ActiveCfg = Debug|Any CPU
		{FD211389-ADE7-4334-9BDB-E7E8B4500CD3}.Debug|Any CPU.Build.0 = Debug|Any CPU
		{FD211389-ADE7-4334-9BDB-E7E8B4500CD3}.Release|Any CPU.ActiveCfg = Release|Any CPU
		{FD211389-ADE7-4334-9BDB-E7E8B4500CD3}.Release|Any CPU.Build.0 = Release|Any CPU
		{9E0FF34E-D229-48FF-AAE4-9F3083BACCEE}.Debug|Any CPU.ActiveCfg = Debug|Any CPU
		{9E0FF34E-D229-48FF-AAE4-9F3083BACCEE}.Debug|Any CPU.Build.0 = Debug|Any CPU
		{9E0FF34E-D229-48FF-AAE4-9F3083BACCEE}.Release|Any CPU.ActiveCfg = Release|Any CPU
		{9E0FF34E-D229-48FF-AAE4-9F3083BACCEE}.Release|Any CPU.Build.0 = Release|Any CPU
		{D42997AC-26EF-455E-8A9A-6C8DC8034DEC}.Debug|Any CPU.ActiveCfg = Debug|Any CPU
		{D42997AC-26EF-455E-8A9A-6C8DC8034DEC}.Debug|Any CPU.Build.0 = Debug|Any CPU
		{D42997AC-26EF-455E-8A9A-6C8DC8034DEC}.Release|Any CPU.ActiveCfg = Release|Any CPU
		{D42997AC-26EF-455E-8A9A-6C8DC8034DEC}.Release|Any CPU.Build.0 = Release|Any CPU
	EndGlobalSection
	GlobalSection(SolutionProperties) = preSolution
		HideSolutionNode = FALSE
	EndGlobalSection
	GlobalSection(NestedProjects) = preSolution
		{C5404E1D-BAEF-4702-B279-9242CD03EA5A} = {EAD419E1-AA4B-4C7E-997C-2676BC4B3A25}
		{C2EBFBC7-7206-443B-8242-69A6016E1081} = {2F197562-B889-4A79-A242-2EC7926BA506}
		{85820DC0-DCCE-4B5C-94A7-CC1DCF8707B6} = {2F197562-B889-4A79-A242-2EC7926BA506}
		{78990E05-A234-4A14-B6B2-1D5E04750875} = {2F197562-B889-4A79-A242-2EC7926BA506}
		{48FA22D1-F200-49CD-A93C-4029D7B30921} = {78990E05-A234-4A14-B6B2-1D5E04750875}
		{FD211389-ADE7-4334-9BDB-E7E8B4500CD3} = {78990E05-A234-4A14-B6B2-1D5E04750875}
		{EAD419E1-AA4B-4C7E-997C-2676BC4B3A25} = {2F197562-B889-4A79-A242-2EC7926BA506}
		{9E0FF34E-D229-48FF-AAE4-9F3083BACCEE} = {9EA25AC4-5B99-408D-9E20-53392D451DC0}
		{D42997AC-26EF-455E-8A9A-6C8DC8034DEC} = {C2EBFBC7-7206-443B-8242-69A6016E1081}
	EndGlobalSection
	GlobalSection(ExtensibilityGlobals) = postSolution
		SolutionGuid = {404ABB83-A826-44DD-B9B8-D7E3113CF7B5}
	EndGlobalSection
EndGlobal
